Microsoft Visual Studio Solution File, Format Version 12.00
# Visual Studio Version 17
VisualStudioVersion = 17.5.2.0
MinimumVisualStudioVersion = 10.0.40219.1
Project("{FAE04EC0-301F-11D3-BF4B-00C04F79EFBC}") = "SteamAlertsAPI", "SteamAlertsAPI\SteamAlertsAPI.csproj", "{447FC58A-4527-B28D-DA80-B068CF9F39EF}"
EndProject
Global
	GlobalSection(SolutionConfigurationPlatforms) = preSolution
		Debug|Any CPU = Debug|Any CPU
		Release|Any CPU = Release|Any CPU
	EndGlobalSection
	GlobalSection(ProjectConfigurationPlatforms) = postSolution
		{447FC58A-4527-B28D-DA80-B068CF9F39EF}.Debug|Any CPU.ActiveCfg = Debug|Any CPU
		{447FC58A-4527-B28D-DA80-B068CF9F39EF}.Debug|Any CPU.Build.0 = Debug|Any CPU
		{447FC58A-4527-B28D-DA80-B068CF9F39EF}.Release|Any CPU.ActiveCfg = Release|Any CPU
		{447FC58A-4527-B28D-DA80-B068CF9F39EF}.Release|Any CPU.Build.0 = Release|Any CPU
	EndGlobalSection
	GlobalSection(SolutionProperties) = preSolution
		HideSolutionNode = FALSE
	EndGlobalSection
	GlobalSection(ExtensibilityGlobals) = postSolution
		SolutionGuid = {E1ADCF3E-EF46-43BD-BFDE-3292C270F7CE}
	EndGlobalSection
EndGlobal
